
Microsoft Visual Studio Solution File, Format Version 12.00
# Visual Studio Version 16
VisualStudioVersion = 16.0.28803.202
MinimumVisualStudioVersion = 10.0.40219.1
Project("{9A19103F-16F7-4668-BE54-9A1E7A4F7556}") = "RF.Web.Api", "RF.Web.Api\RF.Web.Api.csproj", "{1B701CAE-026B-4504-958B-A50E28A54BCA}"
EndProject
Project("{9A19103F-16F7-4668-BE54-9A1E7A4F7556}") = "RF.Web.Api.AppSettings", "RF.Web.Api.AppSettings\RF.Web.Api.AppSettings.csproj", "{5BF5FACE-B558-45AD-919A-B8AD66A8C338}"
EndProject
Project("{9A19103F-16F7-4668-BE54-9A1E7A4F7556}") = "RF.Web.Api.Entities", "RF.Web.Api.Entities\RF.Web.Api.Entities.csproj", "{59AEF4F7-85C3-4454-A88D-19D91A181285}"
EndProject
Project("{9A19103F-16F7-4668-BE54-9A1E7A4F7556}") = "RF.Web.Api.DataAccess", "RF.Web.Api.DataAccess\RF.Web.Api.DataAccess.csproj", "{DE6C7144-08FB-489E-97E3-CF0803E71622}"
EndProject
Project("{9A19103F-16F7-4668-BE54-9A1E7A4F7556}") = "RF.Web.Api.Services", "RF.Web.Api.Services\RF.Web.Api.Services.csproj", "{40F46717-D410-4F17-8885-7A93285A8C94}"
EndProject
Project("{9A19103F-16F7-4668-BE54-9A1E7A4F7556}") = "Ext.Shared", "Ext.Shared\Ext.Shared.csproj", "{0F5D2341-3DCC-428A-8651-D4C1B2567738}"
EndProject
Project("{9A19103F-16F7-4668-BE54-9A1E7A4F7556}") = "Ext.Shared.Caching", "Ext.Shared.Caching\Ext.Shared.Caching.csproj", "{08F582C4-401E-469C-9BA9-B45864EC34EF}"
EndProject
Project("{9A19103F-16F7-4668-BE54-9A1E7A4F7556}") = "Ext.Shared.DataAccess", "Ext.Shared.DataAccess\Ext.Shared.DataAccess.csproj", "{3387C8BE-213C-42D7-A7A1-6CFFB7EAB202}"
EndProject
Project("{9A19103F-16F7-4668-BE54-9A1E7A4F7556}") = "Ext.Shared.Web", "Ext.Shared.Web\Ext.Shared.Web.csproj", "{801DB7B2-8CE6-4FAA-B87E-746CBE95FC76}"
EndProject
Project("{2150E333-8FDC-42A3-9474-1A3956D46DE8}") = "Shared", "Shared", "{FD130EF3-5DD4-4170-8EEC-ADA5DFCC475E}"
EndProject
Project("{2150E333-8FDC-42A3-9474-1A3956D46DE8}") = "Api", "Api", "{5EF6DEBE-8D9F-475F-AF59-3BFC9851B818}"
EndProject
Project("{2150E333-8FDC-42A3-9474-1A3956D46DE8}") = "Common", "Common", "{4CA0283D-A8CB-4E1D-90E1-2752277C6020}"
EndProject
Project("{9A19103F-16F7-4668-BE54-9A1E7A4F7556}") = "RF.Common", "RF.Common\RF.Common.csproj", "{95ED673E-1220-440C-AF08-A9594A1387B0}"
EndProject
Project("{2150E333-8FDC-42A3-9474-1A3956D46DE8}") = "Solution Items", "Solution Items", "{DBA7DCEE-BE59-478E-8990-AB9EC6377C35}"
	ProjectSection(SolutionItems) = preProject
		.dockerignore = .dockerignore
		Dockerfile = Dockerfile
	EndProjectSection
EndProject
Project("{9A19103F-16F7-4668-BE54-9A1E7A4F7556}") = "Ext.Shared.DataAccess.Dapper", "Ext.Shared.DataAccess.Dapper\Ext.Shared.DataAccess.Dapper.csproj", "{95C263CB-BF8E-4DFB-9CF1-D998D933F840}"
EndProject
Global
	GlobalSection(SolutionConfigurationPlatforms) = preSolution
		Debug|Any CPU = Debug|Any CPU
		Release|Any CPU = Release|Any CPU
	EndGlobalSection
	GlobalSection(ProjectConfigurationPlatforms) = postSolution
		{1B701CAE-026B-4504-958B-A50E28A54BCA}.Debug|Any CPU.ActiveCfg = Debug|Any CPU
		{1B701CAE-026B-4504-958B-A50E28A54BCA}.Debug|Any CPU.Build.0 = Debug|Any CPU
		{1B701CAE-026B-4504-958B-A50E28A54BCA}.Release|Any CPU.ActiveCfg = Release|Any CPU
		{1B701CAE-026B-4504-958B-A50E28A54BCA}.Release|Any CPU.Build.0 = Release|Any CPU
		{5BF5FACE-B558-45AD-919A-B8AD66A8C338}.Debug|Any CPU.ActiveCfg = Debug|Any CPU
		{5BF5FACE-B558-45AD-919A-B8AD66A8C338}.Debug|Any CPU.Build.0 = Debug|Any CPU
		{5BF5FACE-B558-45AD-919A-B8AD66A8C338}.Release|Any CPU.ActiveCfg = Release|Any CPU
		{5BF5FACE-B558-45AD-919A-B8AD66A8C338}.Release|Any CPU.Build.0 = Release|Any CPU
		{59AEF4F7-85C3-4454-A88D-19D91A181285}.Debug|Any CPU.ActiveCfg = Debug|Any CPU
		{59AEF4F7-85C3-4454-A88D-19D91A181285}.Debug|Any CPU.Build.0 = Debug|Any CPU
		{59AEF4F7-85C3-4454-A88D-19D91A181285}.Release|Any CPU.ActiveCfg = Release|Any CPU
		{59AEF4F7-85C3-4454-A88D-19D91A181285}.Release|Any CPU.Build.0 = Release|Any CPU
		{DE6C7144-08FB-489E-97E3-CF0803E71622}.Debug|Any CPU.ActiveCfg = Debug|Any CPU
		{DE6C7144-08FB-489E-97E3-CF0803E71622}.Debug|Any CPU.Build.0 = Debug|Any CPU
		{DE6C7144-08FB-489E-97E3-CF0803E71622}.Release|Any CPU.ActiveCfg = Release|Any CPU
		{DE6C7144-08FB-489E-97E3-CF0803E71622}.Release|Any CPU.Build.0 = Release|Any CPU
		{40F46717-D410-4F17-8885-7A93285A8C94}.Debug|Any CPU.ActiveCfg = Debug|Any CPU
		{40F46717-D410-4F17-8885-7A93285A8C94}.Debug|Any CPU.Build.0 = Debug|Any CPU
		{40F46717-D410-4F17-8885-7A93285A8C94}.Release|Any CPU.ActiveCfg = Release|Any CPU
		{40F46717-D410-4F17-8885-7A93285A8C94}.Release|Any CPU.Build.0 = Release|Any CPU
		{0F5D2341-3DCC-428A-8651-D4C1B2567738}.Debug|Any CPU.ActiveCfg = Debug|Any CPU
		{0F5D2341-3DCC-428A-8651-D4C1B2567738}.Debug|Any CPU.Build.0 = Debug|Any CPU
		{0F5D2341-3DCC-428A-8651-D4C1B2567738}.Release|Any CPU.ActiveCfg = Release|Any CPU
		{0F5D2341-3DCC-428A-8651-D4C1B2567738}.Release|Any CPU.Build.0 = Release|Any CPU
		{08F582C4-401E-469C-9BA9-B45864EC34EF}.Debug|Any CPU.ActiveCfg = Debug|Any CPU
		{08F582C4-401E-469C-9BA9-B45864EC34EF}.Debug|Any CPU.Build.0 = Debug|Any CPU
		{08F582C4-401E-469C-9BA9-B45864EC34EF}.Release|Any CPU.ActiveCfg = Release|Any CPU
		{08F582C4-401E-469C-9BA9-B45864EC34EF}.Release|Any CPU.Build.0 = Release|Any CPU
		{3387C8BE-213C-42D7-A7A1-6CFFB7EAB202}.Debug|Any CPU.ActiveCfg = Debug|Any CPU
		{3387C8BE-213C-42D7-A7A1-6CFFB7EAB202}.Debug|Any CPU.Build.0 = Debug|Any CPU
		{3387C8BE-213C-42D7-A7A1-6CFFB7EAB202}.Release|Any CPU.ActiveCfg = Release|Any CPU
		{3387C8BE-213C-42D7-A7A1-6CFFB7EAB202}.Release|Any CPU.Build.0 = Release|Any CPU
		{801DB7B2-8CE6-4FAA-B87E-746CBE95FC76}.Debug|Any CPU.ActiveCfg = Debug|Any CPU
		{801DB7B2-8CE6-4FAA-B87E-746CBE95FC76}.Debug|Any CPU.Build.0 = Debug|Any CPU
		{801DB7B2-8CE6-4FAA-B87E-746CBE95FC76}.Release|Any CPU.ActiveCfg = Release|Any CPU
		{801DB7B2-8CE6-4FAA-B87E-746CBE95FC76}.Release|Any CPU.Build.0 = Release|Any CPU
		{95ED673E-1220-440C-AF08-A9594A1387B0}.Debug|Any CPU.ActiveCfg = Debug|Any CPU
		{95ED673E-1220-440C-AF08-A9594A1387B0}.Debug|Any CPU.Build.0 = Debug|Any CPU
		{95ED673E-1220-440C-AF08-A9594A1387B0}.Release|Any CPU.ActiveCfg = Release|Any CPU
		{95ED673E-1220-440C-AF08-A9594A1387B0}.Release|Any CPU.Build.0 = Release|Any CPU
		{95C263CB-BF8E-4DFB-9CF1-D998D933F840}.Debug|Any CPU.ActiveCfg = Debug|Any CPU
		{95C263CB-BF8E-4DFB-9CF1-D998D933F840}.Debug|Any CPU.Build.0 = Debug|Any CPU
		{95C263CB-BF8E-4DFB-9CF1-D998D933F840}.Release|Any CPU.ActiveCfg = Release|Any CPU
		{95C263CB-BF8E-4DFB-9CF1-D998D933F840}.Release|Any CPU.Build.0 = Release|Any CPU
	EndGlobalSection
	GlobalSection(SolutionProperties) = preSolution
		HideSolutionNode = FALSE
	EndGlobalSection
	GlobalSection(NestedProjects) = preSolution
		{1B701CAE-026B-4504-958B-A50E28A54BCA} = {5EF6DEBE-8D9F-475F-AF59-3BFC9851B818}
		{5BF5FACE-B558-45AD-919A-B8AD66A8C338} = {5EF6DEBE-8D9F-475F-AF59-3BFC9851B818}
		{59AEF4F7-85C3-4454-A88D-19D91A181285} = {5EF6DEBE-8D9F-475F-AF59-3BFC9851B818}
		{DE6C7144-08FB-489E-97E3-CF0803E71622} = {5EF6DEBE-8D9F-475F-AF59-3BFC9851B818}
		{40F46717-D410-4F17-8885-7A93285A8C94} = {5EF6DEBE-8D9F-475F-AF59-3BFC9851B818}
		{0F5D2341-3DCC-428A-8651-D4C1B2567738} = {FD130EF3-5DD4-4170-8EEC-ADA5DFCC475E}
		{08F582C4-401E-469C-9BA9-B45864EC34EF} = {FD130EF3-5DD4-4170-8EEC-ADA5DFCC475E}
		{3387C8BE-213C-42D7-A7A1-6CFFB7EAB202} = {FD130EF3-5DD4-4170-8EEC-ADA5DFCC475E}
		{801DB7B2-8CE6-4FAA-B87E-746CBE95FC76} = {FD130EF3-5DD4-4170-8EEC-ADA5DFCC475E}
		{95ED673E-1220-440C-AF08-A9594A1387B0} = {4CA0283D-A8CB-4E1D-90E1-2752277C6020}
		{95C263CB-BF8E-4DFB-9CF1-D998D933F840} = {FD130EF3-5DD4-4170-8EEC-ADA5DFCC475E}
	EndGlobalSection
	GlobalSection(ExtensibilityGlobals) = postSolution
		SolutionGuid = {A1002AE2-D604-4AE2-B3FF-E18F76208995}
	EndGlobalSection
EndGlobal
